// !$*UTF8*$!
{
	archiveVersion = 1;
	classes = {
	};
	objectVersion = 46;
	objects = {

/* Begin PBXBuildFile section */
		00C302E51ABCBA2D00DB3ED1 /* libRCTActionSheet.a in Frameworks */ = {isa = PBXBuildFile; fileRef = 00C302AC1ABCB8CE00DB3ED1 /* libRCTActionSheet.a */; };
		00C302E71ABCBA2D00DB3ED1 /* libRCTGeolocation.a in Frameworks */ = {isa = PBXBuildFile; fileRef = 00C302BA1ABCB90400DB3ED1 /* libRCTGeolocation.a */; };
		00C302E81ABCBA2D00DB3ED1 /* libRCTImage.a in Frameworks */ = {isa = PBXBuildFile; fileRef = 00C302C01ABCB91800DB3ED1 /* libRCTImage.a */; };
		00C302E91ABCBA2D00DB3ED1 /* libRCTNetwork.a in Frameworks */ = {isa = PBXBuildFile; fileRef = 00C302DC1ABCB9D200DB3ED1 /* libRCTNetwork.a */; };
		00C302EA1ABCBA2D00DB3ED1 /* libRCTVibration.a in Frameworks */ = {isa = PBXBuildFile; fileRef = 00C302E41ABCB9EE00DB3ED1 /* libRCTVibration.a */; };
		00E356F31AD99517003FC87E /* whoupTests.m in Sources */ = {isa = PBXBuildFile; fileRef = 00E356F21AD99517003FC87E /* whoupTests.m */; };
		133E29F31AD74F7200F7D852 /* libRCTLinking.a in Frameworks */ = {isa = PBXBuildFile; fileRef = 78C398B91ACF4ADC00677621 /* libRCTLinking.a */; };
		139105C61AF99C1200B5F7CC /* libRCTSettings.a in Frameworks */ = {isa = PBXBuildFile; fileRef = 139105C11AF99BAD00B5F7CC /* libRCTSettings.a */; };
		139FDEF61B0652A700C62182 /* libRCTWebSocket.a in Frameworks */ = {isa = PBXBuildFile; fileRef = 139FDEF41B06529B00C62182 /* libRCTWebSocket.a */; };
		13B07FBC1A68108700A75B9A /* AppDelegate.m in Sources */ = {isa = PBXBuildFile; fileRef = 13B07FB01A68108700A75B9A /* AppDelegate.m */; };
		13B07FBF1A68108700A75B9A /* Images.xcassets in Resources */ = {isa = PBXBuildFile; fileRef = 13B07FB51A68108700A75B9A /* Images.xcassets */; };
		13B07FC11A68108700A75B9A /* main.m in Sources */ = {isa = PBXBuildFile; fileRef = 13B07FB71A68108700A75B9A /* main.m */; };
		146834051AC3E58100842450 /* libReact.a in Frameworks */ = {isa = PBXBuildFile; fileRef = 146834041AC3E56700842450 /* libReact.a */; };
		33009EA71C60983200FD2CDE /* sofia-black.ttf in Resources */ = {isa = PBXBuildFile; fileRef = 33009EA61C60983200FD2CDE /* sofia-black.ttf */; };
		33009EEC1C609E3000FD2CDE /* libRNSearchBar.a in Frameworks */ = {isa = PBXBuildFile; fileRef = 33009EEB1C609E2000FD2CDE /* libRNSearchBar.a */; };
		332C6AA61BEA07C200A9921C /* Entypo.ttf in Resources */ = {isa = PBXBuildFile; fileRef = 332C6A9E1BEA07C200A9921C /* Entypo.ttf */; };
		332C6AA71BEA07C200A9921C /* EvilIcons.ttf in Resources */ = {isa = PBXBuildFile; fileRef = 332C6A9F1BEA07C200A9921C /* EvilIcons.ttf */; };
		332C6AA81BEA07C200A9921C /* FontAwesome.ttf in Resources */ = {isa = PBXBuildFile; fileRef = 332C6AA01BEA07C200A9921C /* FontAwesome.ttf */; };
		332C6AA91BEA07C200A9921C /* Foundation.ttf in Resources */ = {isa = PBXBuildFile; fileRef = 332C6AA11BEA07C200A9921C /* Foundation.ttf */; };
		332C6AAA1BEA07C200A9921C /* Ionicons.ttf in Resources */ = {isa = PBXBuildFile; fileRef = 332C6AA21BEA07C200A9921C /* Ionicons.ttf */; };
		332C6AAB1BEA07C200A9921C /* MaterialIcons.ttf in Resources */ = {isa = PBXBuildFile; fileRef = 332C6AA31BEA07C200A9921C /* MaterialIcons.ttf */; };
		332C6AAC1BEA07C200A9921C /* Octicons.ttf in Resources */ = {isa = PBXBuildFile; fileRef = 332C6AA41BEA07C200A9921C /* Octicons.ttf */; };
		332C6AAD1BEA07C200A9921C /* Zocial.ttf in Resources */ = {isa = PBXBuildFile; fileRef = 332C6AA51BEA07C200A9921C /* Zocial.ttf */; };
		332C6AC81BEA09AB00A9921C /* libRNKeyboardEvents.a in Frameworks */ = {isa = PBXBuildFile; fileRef = 332C6AC11BEA090500A9921C /* libRNKeyboardEvents.a */; };
		332C6AC91BEA09B100A9921C /* libRNKeychain.a in Frameworks */ = {isa = PBXBuildFile; fileRef = 332C6ABB1BEA08E600A9921C /* libRNKeychain.a */; };
		332C6ACA1BEA09B800A9921C /* libRNVectorIcons.a in Frameworks */ = {isa = PBXBuildFile; fileRef = 332C6AC71BEA092500A9921C /* libRNVectorIcons.a */; };
		332C6ACC1BEA0B3D00A9921C /* EnvironmentManager.m in Sources */ = {isa = PBXBuildFile; fileRef = 332C6ACB1BEA0B3D00A9921C /* EnvironmentManager.m */; };
		333446701C659D610052FDBF /* libActivityView.a in Frameworks */ = {isa = PBXBuildFile; fileRef = 3334466F1C659D520052FDBF /* libActivityView.a */; };
		336D3A121C891A9100F3F284 /* libRCTPushNotification.a in Frameworks */ = {isa = PBXBuildFile; fileRef = 336D3A101C89193800F3F284 /* libRCTPushNotification.a */; };
		336DD3191C6EE42800DF160F /* sleepy.gif in Resources */ = {isa = PBXBuildFile; fileRef = 336DD3181C6EE42800DF160F /* sleepy.gif */; };
		3380AB1F1C86BAFB0034E86C /* libRCTDeviceUUID.a in Frameworks */ = {isa = PBXBuildFile; fileRef = 3380AB101C86BAEC0034E86C /* libRCTDeviceUUID.a */; };
		338A41B91CE7FF0B002536C9 /* CoreData.framework in Frameworks */ = {isa = PBXBuildFile; fileRef = 338A41B81CE7FF0A002536C9 /* CoreData.framework */; };
		338A41BB1CE7FF20002536C9 /* libsqlite3.0.tbd in Frameworks */ = {isa = PBXBuildFile; fileRef = 338A41BA1CE7FF20002536C9 /* libsqlite3.0.tbd */; };
		33970B4D1C42FFFE00526283 /* Launch Screen.storyboard in Resources */ = {isa = PBXBuildFile; fileRef = 33970B4F1C42FFFE00526283 /* Launch Screen.storyboard */; };
		339D380B1CB1E62D008BC601 /* libAppHub.a in Frameworks */ = {isa = PBXBuildFile; fileRef = 330F8EEF1CA1CB0D0006F710 /* libAppHub.a */; };
		339D381E1CB1E72C008BC601 /* SystemConfiguration.framework in Frameworks */ = {isa = PBXBuildFile; fileRef = 330F8F041CA1CBB50006F710 /* SystemConfiguration.framework */; };
		339D381F1CB1E80E008BC601 /* libz.tbd in Frameworks */ = {isa = PBXBuildFile; fileRef = 330F8F061CA1CBC30006F710 /* libz.tbd */; };
		33C2BAB31C941E81004FC059 /* eyes_animation trans.gif in Resources */ = {isa = PBXBuildFile; fileRef = 33C2BAB21C941E81004FC059 /* eyes_animation trans.gif */; };
		33D1D2E01CC4A2A900499BBA /* libRNImagePicker.a in Frameworks */ = {isa = PBXBuildFile; fileRef = 33D1D2DB1CC4A28A00499BBA /* libRNImagePicker.a */; };
		33DF305C1C82704F00F0BFBA /* libRCTRemotePushManager.a in Frameworks */ = {isa = PBXBuildFile; fileRef = 330273E51BFC5E470012D429 /* libRCTRemotePushManager.a */; };
		33DF306F1C8270EA00F0BFBA /* RemotePushDelegate.m in Sources */ = {isa = PBXBuildFile; fileRef = 33DF306D1C8270EA00F0BFBA /* RemotePushDelegate.m */; };
		33DF30721C82B36400F0BFBA /* bored.gif in Resources */ = {isa = PBXBuildFile; fileRef = 33DF30711C82B36400F0BFBA /* bored.gif */; };
		33DF30741C82B37700F0BFBA /* eyes.gif in Resources */ = {isa = PBXBuildFile; fileRef = 33DF30731C82B37700F0BFBA /* eyes.gif */; };
		832341BD1AAA6AB300B99B32 /* libRCTText.a in Frameworks */ = {isa = PBXBuildFile; fileRef = 832341B51AAA6A8300B99B32 /* libRCTText.a */; };
/* End PBXBuildFile section */

/* Begin PBXContainerItemProxy section */
		00C302AB1ABCB8CE00DB3ED1 /* PBXContainerItemProxy */ = {
			isa = PBXContainerItemProxy;
			containerPortal = 00C302A71ABCB8CE00DB3ED1 /* RCTActionSheet.xcodeproj */;
			proxyType = 2;
			remoteGlobalIDString = 134814201AA4EA6300B7C361;
			remoteInfo = RCTActionSheet;
		};
		00C302B91ABCB90400DB3ED1 /* PBXContainerItemProxy */ = {
			isa = PBXContainerItemProxy;
			containerPortal = 00C302B51ABCB90400DB3ED1 /* RCTGeolocation.xcodeproj */;
			proxyType = 2;
			remoteGlobalIDString = 134814201AA4EA6300B7C361;
			remoteInfo = RCTGeolocation;
		};
		00C302BF1ABCB91800DB3ED1 /* PBXContainerItemProxy */ = {
			isa = PBXContainerItemProxy;
			containerPortal = 00C302BB1ABCB91800DB3ED1 /* RCTImage.xcodeproj */;
			proxyType = 2;
			remoteGlobalIDString = 58B5115D1A9E6B3D00147676;
			remoteInfo = RCTImage;
		};
		00C302DB1ABCB9D200DB3ED1 /* PBXContainerItemProxy */ = {
			isa = PBXContainerItemProxy;
			containerPortal = 00C302D31ABCB9D200DB3ED1 /* RCTNetwork.xcodeproj */;
			proxyType = 2;
			remoteGlobalIDString = 58B511DB1A9E6C8500147676;
			remoteInfo = RCTNetwork;
		};
		00C302E31ABCB9EE00DB3ED1 /* PBXContainerItemProxy */ = {
			isa = PBXContainerItemProxy;
			containerPortal = 00C302DF1ABCB9EE00DB3ED1 /* RCTVibration.xcodeproj */;
			proxyType = 2;
			remoteGlobalIDString = 832C81801AAF6DEF007FA2F7;
			remoteInfo = RCTVibration;
		};
		00E356F41AD99517003FC87E /* PBXContainerItemProxy */ = {
			isa = PBXContainerItemProxy;
			containerPortal = 83CBB9F71A601CBA00E9B192 /* Project object */;
			proxyType = 1;
			remoteGlobalIDString = 13B07F861A680F5B00A75B9A;
			remoteInfo = whoup;
		};
		139105C01AF99BAD00B5F7CC /* PBXContainerItemProxy */ = {
			isa = PBXContainerItemProxy;
			containerPortal = 139105B61AF99BAD00B5F7CC /* RCTSettings.xcodeproj */;
			proxyType = 2;
			remoteGlobalIDString = 134814201AA4EA6300B7C361;
			remoteInfo = RCTSettings;
		};
		139FDEF31B06529B00C62182 /* PBXContainerItemProxy */ = {
			isa = PBXContainerItemProxy;
			containerPortal = 139FDEE61B06529A00C62182 /* RCTWebSocket.xcodeproj */;
			proxyType = 2;
			remoteGlobalIDString = 3C86DF461ADF2C930047B81A;
			remoteInfo = RCTWebSocket;
		};
		146834031AC3E56700842450 /* PBXContainerItemProxy */ = {
			isa = PBXContainerItemProxy;
			containerPortal = 146833FF1AC3E56700842450 /* React.xcodeproj */;
			proxyType = 2;
			remoteGlobalIDString = 83CBBA2E1A601D0E00E9B192;
			remoteInfo = React;
		};
		33009EEA1C609E2000FD2CDE /* PBXContainerItemProxy */ = {
			isa = PBXContainerItemProxy;
			containerPortal = 33009EE61C609E1F00FD2CDE /* RNSearchBar.xcodeproj */;
			proxyType = 2;
			remoteGlobalIDString = 134814201AA4EA6300B7C361;
			remoteInfo = RNSearchBar;
		};
		330273E41BFC5E470012D429 /* PBXContainerItemProxy */ = {
			isa = PBXContainerItemProxy;
			containerPortal = 330273E01BFC5E470012D429 /* RCTRemotePushManager.xcodeproj */;
			proxyType = 2;
			remoteGlobalIDString = 48DDA26A1B0A1157004C75B0;
			remoteInfo = RCTRemotePushManager;
		};
		330F8EEE1CA1CB0D0006F710 /* PBXContainerItemProxy */ = {
			isa = PBXContainerItemProxy;
			containerPortal = 330F8EE61CA1CB0D0006F710 /* AppHub.xcodeproj */;
			proxyType = 2;
			remoteGlobalIDString = 555FF3AF1B37AC8D0064F175;
			remoteInfo = AppHub;
		};
		330F8EF01CA1CB0D0006F710 /* PBXContainerItemProxy */ = {
			isa = PBXContainerItemProxy;
			containerPortal = 330F8EE61CA1CB0D0006F710 /* AppHub.xcodeproj */;
			proxyType = 2;
			remoteGlobalIDString = 555FF3BA1B37AC8D0064F175;
			remoteInfo = AppHubTests;
		};
		332C6ABA1BEA08E600A9921C /* PBXContainerItemProxy */ = {
			isa = PBXContainerItemProxy;
			containerPortal = 332C6AB61BEA08E600A9921C /* RNKeychain.xcodeproj */;
			proxyType = 2;
			remoteGlobalIDString = 5D82366F1B0CE05B005A9EF3;
			remoteInfo = RNKeychain;
		};
		332C6AC01BEA090500A9921C /* PBXContainerItemProxy */ = {
			isa = PBXContainerItemProxy;
			containerPortal = 332C6ABC1BEA090500A9921C /* RNKeyboardEvents.xcodeproj */;
			proxyType = 2;
			remoteGlobalIDString = F12AFB9B1ADAF8F800E0535D;
			remoteInfo = RNKeyboardEvents;
		};
		332C6AC61BEA092500A9921C /* PBXContainerItemProxy */ = {
			isa = PBXContainerItemProxy;
			containerPortal = 332C6AC21BEA092500A9921C /* RNVectorIcons.xcodeproj */;
			proxyType = 2;
			remoteGlobalIDString = 5DBEB1501B18CEA900B34395;
			remoteInfo = RNVectorIcons;
		};
		3334466E1C659D520052FDBF /* PBXContainerItemProxy */ = {
			isa = PBXContainerItemProxy;
			containerPortal = 3334466A1C659D510052FDBF /* ActivityView.xcodeproj */;
			proxyType = 2;
			remoteGlobalIDString = 134814201AA4EA6300B7C361;
			remoteInfo = ActivityView;
		};
		336D3A0F1C89193800F3F284 /* PBXContainerItemProxy */ = {
			isa = PBXContainerItemProxy;
			containerPortal = 336D3A0B1C89193800F3F284 /* RCTPushNotification.xcodeproj */;
			proxyType = 2;
			remoteGlobalIDString = 134814201AA4EA6300B7C361;
			remoteInfo = RCTPushNotification;
		};
		3380AB0F1C86BAEC0034E86C /* PBXContainerItemProxy */ = {
			isa = PBXContainerItemProxy;
			containerPortal = 3380AB091C86BAEC0034E86C /* RCTDeviceUUID.xcodeproj */;
			proxyType = 2;
			remoteGlobalIDString = F12AFB9B1ADAF8F800E0535D;
			remoteInfo = RCTDeviceUUID;
		};
		338A41A71CE7FA4A002536C9 /* PBXContainerItemProxy */ = {
			isa = PBXContainerItemProxy;
			containerPortal = 338A419C1CE7FA4A002536C9 /* RCTGoogleAnalyticsBridge.xcodeproj */;
			proxyType = 2;
			remoteGlobalIDString = A79185C61C30694E001236A6;
			remoteInfo = RCTGoogleAnalyticsBridge;
		};
		33D1D2DA1CC4A28A00499BBA /* PBXContainerItemProxy */ = {
			isa = PBXContainerItemProxy;
			containerPortal = 33D1D2C51CC4A28A00499BBA /* RNImagePicker.xcodeproj */;
			proxyType = 2;
			remoteGlobalIDString = 014A3B5C1C6CF33500B6D375;
			remoteInfo = RNImagePicker;
		};
		78C398B81ACF4ADC00677621 /* PBXContainerItemProxy */ = {
			isa = PBXContainerItemProxy;
			containerPortal = 78C398B01ACF4ADC00677621 /* RCTLinking.xcodeproj */;
			proxyType = 2;
			remoteGlobalIDString = 134814201AA4EA6300B7C361;
			remoteInfo = RCTLinking;
		};
		832341B41AAA6A8300B99B32 /* PBXContainerItemProxy */ = {
			isa = PBXContainerItemProxy;
			containerPortal = 832341B01AAA6A8300B99B32 /* RCTText.xcodeproj */;
			proxyType = 2;
			remoteGlobalIDString = 58B5119B1A9E6C1200147676;
			remoteInfo = RCTText;
		};
/* End PBXContainerItemProxy section */

/* Begin PBXFileReference section */
		00C302A71ABCB8CE00DB3ED1 /* RCTActionSheet.xcodeproj */ = {isa = PBXFileReference; lastKnownFileType = "wrapper.pb-project"; name = RCTActionSheet.xcodeproj; path = "../node_modules/react-native/Libraries/ActionSheetIOS/RCTActionSheet.xcodeproj"; sourceTree = "<group>"; };
		00C302B51ABCB90400DB3ED1 /* RCTGeolocation.xcodeproj */ = {isa = PBXFileReference; lastKnownFileType = "wrapper.pb-project"; name = RCTGeolocation.xcodeproj; path = "../node_modules/react-native/Libraries/Geolocation/RCTGeolocation.xcodeproj"; sourceTree = "<group>"; };
		00C302BB1ABCB91800DB3ED1 /* RCTImage.xcodeproj */ = {isa = PBXFileReference; lastKnownFileType = "wrapper.pb-project"; name = RCTImage.xcodeproj; path = "../node_modules/react-native/Libraries/Image/RCTImage.xcodeproj"; sourceTree = "<group>"; };
		00C302D31ABCB9D200DB3ED1 /* RCTNetwork.xcodeproj */ = {isa = PBXFileReference; lastKnownFileType = "wrapper.pb-project"; name = RCTNetwork.xcodeproj; path = "../node_modules/react-native/Libraries/Network/RCTNetwork.xcodeproj"; sourceTree = "<group>"; };
		00C302DF1ABCB9EE00DB3ED1 /* RCTVibration.xcodeproj */ = {isa = PBXFileReference; lastKnownFileType = "wrapper.pb-project"; name = RCTVibration.xcodeproj; path = "../node_modules/react-native/Libraries/Vibration/RCTVibration.xcodeproj"; sourceTree = "<group>"; };
		00E356EE1AD99517003FC87E /* whoupTests.xctest */ = {isa = PBXFileReference; explicitFileType = wrapper.cfbundle; includeInIndex = 0; path = whoupTests.xctest; sourceTree = BUILT_PRODUCTS_DIR; };
		00E356F11AD99517003FC87E /* Info.plist */ = {isa = PBXFileReference; lastKnownFileType = text.plist.xml; path = Info.plist; sourceTree = "<group>"; };
		00E356F21AD99517003FC87E /* whoupTests.m */ = {isa = PBXFileReference; lastKnownFileType = sourcecode.c.objc; path = whoupTests.m; sourceTree = "<group>"; };
		139105B61AF99BAD00B5F7CC /* RCTSettings.xcodeproj */ = {isa = PBXFileReference; lastKnownFileType = "wrapper.pb-project"; name = RCTSettings.xcodeproj; path = "../node_modules/react-native/Libraries/Settings/RCTSettings.xcodeproj"; sourceTree = "<group>"; };
		139FDEE61B06529A00C62182 /* RCTWebSocket.xcodeproj */ = {isa = PBXFileReference; lastKnownFileType = "wrapper.pb-project"; name = RCTWebSocket.xcodeproj; path = "../node_modules/react-native/Libraries/WebSocket/RCTWebSocket.xcodeproj"; sourceTree = "<group>"; };
		13B07F961A680F5B00A75B9A /* whoup.app */ = {isa = PBXFileReference; explicitFileType = wrapper.application; includeInIndex = 0; path = whoup.app; sourceTree = BUILT_PRODUCTS_DIR; };
		13B07FAF1A68108700A75B9A /* AppDelegate.h */ = {isa = PBXFileReference; fileEncoding = 4; lastKnownFileType = sourcecode.c.h; name = AppDelegate.h; path = whoup/AppDelegate.h; sourceTree = "<group>"; };
		13B07FB01A68108700A75B9A /* AppDelegate.m */ = {isa = PBXFileReference; fileEncoding = 4; lastKnownFileType = sourcecode.c.objc; name = AppDelegate.m; path = whoup/AppDelegate.m; sourceTree = "<group>"; };
		13B07FB51A68108700A75B9A /* Images.xcassets */ = {isa = PBXFileReference; lastKnownFileType = folder.assetcatalog; name = Images.xcassets; path = whoup/Images.xcassets; sourceTree = "<group>"; };
		13B07FB61A68108700A75B9A /* Info.plist */ = {isa = PBXFileReference; fileEncoding = 4; lastKnownFileType = text.plist.xml; name = Info.plist; path = whoup/Info.plist; sourceTree = "<group>"; };
		13B07FB71A68108700A75B9A /* main.m */ = {isa = PBXFileReference; fileEncoding = 4; lastKnownFileType = sourcecode.c.objc; name = main.m; path = whoup/main.m; sourceTree = "<group>"; };
		146833FF1AC3E56700842450 /* React.xcodeproj */ = {isa = PBXFileReference; lastKnownFileType = "wrapper.pb-project"; name = React.xcodeproj; path = "../node_modules/react-native/React/React.xcodeproj"; sourceTree = "<group>"; };
		33009EA61C60983200FD2CDE /* sofia-black.ttf */ = {isa = PBXFileReference; lastKnownFileType = file; name = "sofia-black.ttf"; path = "../sofia-black.ttf"; sourceTree = "<group>"; };
		33009EE61C609E1F00FD2CDE /* RNSearchBar.xcodeproj */ = {isa = PBXFileReference; lastKnownFileType = "wrapper.pb-project"; name = RNSearchBar.xcodeproj; path = "../node_modules/react-native-search-bar/RNSearchBar.xcodeproj"; sourceTree = "<group>"; };
		330273E01BFC5E470012D429 /* RCTRemotePushManager.xcodeproj */ = {isa = PBXFileReference; lastKnownFileType = "wrapper.pb-project"; name = RCTRemotePushManager.xcodeproj; path = "../node_modules/react-native-remote-push/RCTRemotePushManager.xcodeproj"; sourceTree = "<group>"; };
		330F8EE61CA1CB0D0006F710 /* AppHub.xcodeproj */ = {isa = PBXFileReference; lastKnownFileType = "wrapper.pb-project"; name = AppHub.xcodeproj; path = ../node_modules/apphub/AppHub/AppHub.xcodeproj; sourceTree = "<group>"; };
		330F8F041CA1CBB50006F710 /* SystemConfiguration.framework */ = {isa = PBXFileReference; lastKnownFileType = wrapper.framework; name = SystemConfiguration.framework; path = System/Library/Frameworks/SystemConfiguration.framework; sourceTree = SDKROOT; };
		330F8F061CA1CBC30006F710 /* libz.tbd */ = {isa = PBXFileReference; lastKnownFileType = "sourcecode.text-based-dylib-definition"; name = libz.tbd; path = usr/lib/libz.tbd; sourceTree = SDKROOT; };
		332C6A6A1BEA04AB00A9921C /* libSimulatorRemoteNotifications.a */ = {isa = PBXFileReference; lastKnownFileType = archive.ar; name = libSimulatorRemoteNotifications.a; path = "Pods/../build/Debug-iphoneos/libSimulatorRemoteNotifications.a"; sourceTree = "<group>"; };
		332C6A9E1BEA07C200A9921C /* Entypo.ttf */ = {isa = PBXFileReference; lastKnownFileType = file; path = Entypo.ttf; sourceTree = "<group>"; };
		332C6A9F1BEA07C200A9921C /* EvilIcons.ttf */ = {isa = PBXFileReference; lastKnownFileType = file; path = EvilIcons.ttf; sourceTree = "<group>"; };
		332C6AA01BEA07C200A9921C /* FontAwesome.ttf */ = {isa = PBXFileReference; lastKnownFileType = file; path = FontAwesome.ttf; sourceTree = "<group>"; };
		332C6AA11BEA07C200A9921C /* Foundation.ttf */ = {isa = PBXFileReference; lastKnownFileType = file; path = Foundation.ttf; sourceTree = "<group>"; };
		332C6AA21BEA07C200A9921C /* Ionicons.ttf */ = {isa = PBXFileReference; lastKnownFileType = file; path = Ionicons.ttf; sourceTree = "<group>"; };
		332C6AA31BEA07C200A9921C /* MaterialIcons.ttf */ = {isa = PBXFileReference; lastKnownFileType = file; path = MaterialIcons.ttf; sourceTree = "<group>"; };
		332C6AA41BEA07C200A9921C /* Octicons.ttf */ = {isa = PBXFileReference; lastKnownFileType = file; path = Octicons.ttf; sourceTree = "<group>"; };
		332C6AA51BEA07C200A9921C /* Zocial.ttf */ = {isa = PBXFileReference; lastKnownFileType = file; path = Zocial.ttf; sourceTree = "<group>"; };
		332C6AAE1BEA081800A9921C /* libRNVectorIcons.a */ = {isa = PBXFileReference; lastKnownFileType = archive.ar; name = libRNVectorIcons.a; path = "../node_modules/react-native-vector-icons/build/Debug-iphoneos/libRNVectorIcons.a"; sourceTree = "<group>"; };
		332C6AB61BEA08E600A9921C /* RNKeychain.xcodeproj */ = {isa = PBXFileReference; lastKnownFileType = "wrapper.pb-project"; name = RNKeychain.xcodeproj; path = "../node_modules/react-native-keychain/RNKeychain.xcodeproj"; sourceTree = "<group>"; };
		332C6ABC1BEA090500A9921C /* RNKeyboardEvents.xcodeproj */ = {isa = PBXFileReference; lastKnownFileType = "wrapper.pb-project"; name = RNKeyboardEvents.xcodeproj; path = "../node_modules/react-native-keyboardevents/RNKeyboardEvents.xcodeproj"; sourceTree = "<group>"; };
		332C6AC21BEA092500A9921C /* RNVectorIcons.xcodeproj */ = {isa = PBXFileReference; lastKnownFileType = "wrapper.pb-project"; name = RNVectorIcons.xcodeproj; path = "../node_modules/react-native-vector-icons/RNVectorIcons.xcodeproj"; sourceTree = "<group>"; };
		332C6ACB1BEA0B3D00A9921C /* EnvironmentManager.m */ = {isa = PBXFileReference; fileEncoding = 4; lastKnownFileType = sourcecode.c.objc; path = EnvironmentManager.m; sourceTree = "<group>"; };
		3334464A1C659C2D0052FDBF /* Social.framework */ = {isa = PBXFileReference; lastKnownFileType = wrapper.framework; name = Social.framework; path = System/Library/Frameworks/Social.framework; sourceTree = SDKROOT; };
		3334466A1C659D510052FDBF /* ActivityView.xcodeproj */ = {isa = PBXFileReference; lastKnownFileType = "wrapper.pb-project"; name = ActivityView.xcodeproj; path = "../node_modules/react-native-activity-view/ActivityView.xcodeproj"; sourceTree = "<group>"; };
		336D3A0B1C89193800F3F284 /* RCTPushNotification.xcodeproj */ = {isa = PBXFileReference; lastKnownFileType = "wrapper.pb-project"; name = RCTPushNotification.xcodeproj; path = "../node_modules/react-native/Libraries/PushNotificationIOS/RCTPushNotification.xcodeproj"; sourceTree = "<group>"; };
		336DD3181C6EE42800DF160F /* sleepy.gif */ = {isa = PBXFileReference; lastKnownFileType = image.gif; path = sleepy.gif; sourceTree = "<group>"; };
		33781C891C7D7C7C00E6BBB2 /* Bored.gif */ = {isa = PBXFileReference; lastKnownFileType = image.gif; path = Bored.gif; sourceTree = "<group>"; };
		3380AB091C86BAEC0034E86C /* RCTDeviceUUID.xcodeproj */ = {isa = PBXFileReference; lastKnownFileType = "wrapper.pb-project"; name = RCTDeviceUUID.xcodeproj; path = "../node_modules/react-native-device-uuid/RCTDeviceUUID.xcodeproj"; sourceTree = "<group>"; };
		338A419C1CE7FA4A002536C9 /* RCTGoogleAnalyticsBridge.xcodeproj */ = {isa = PBXFileReference; lastKnownFileType = "wrapper.pb-project"; name = RCTGoogleAnalyticsBridge.xcodeproj; path = "../node_modules/react-native-google-analytics-bridge/ios/RCTGoogleAnalyticsBridge/RCTGoogleAnalyticsBridge.xcodeproj"; sourceTree = "<group>"; };
		338A41B81CE7FF0A002536C9 /* CoreData.framework */ = {isa = PBXFileReference; lastKnownFileType = wrapper.framework; name = CoreData.framework; path = System/Library/Frameworks/CoreData.framework; sourceTree = SDKROOT; };
		338A41BA1CE7FF20002536C9 /* libsqlite3.0.tbd */ = {isa = PBXFileReference; lastKnownFileType = "sourcecode.text-based-dylib-definition"; name = libsqlite3.0.tbd; path = usr/lib/libsqlite3.0.tbd; sourceTree = SDKROOT; };
		33970B4E1C42FFFE00526283 /* Base */ = {isa = PBXFileReference; lastKnownFileType = file.storyboard; name = Base; path = "Base.lproj/Launch Screen.storyboard"; sourceTree = "<group>"; };
		33C2BAB21C941E81004FC059 /* eyes_animation trans.gif */ = {isa = PBXFileReference; lastKnownFileType = image.gif; path = "eyes_animation trans.gif"; sourceTree = "<group>"; };
		33D1D2C51CC4A28A00499BBA /* RNImagePicker.xcodeproj */ = {isa = PBXFileReference; lastKnownFileType = "wrapper.pb-project"; name = RNImagePicker.xcodeproj; path = "../node_modules/react-native-image-picker/ios/RNImagePicker.xcodeproj"; sourceTree = "<group>"; };
		33DF306C1C8270EA00F0BFBA /* RemotePushDelegate.h */ = {isa = PBXFileReference; fileEncoding = 4; lastKnownFileType = sourcecode.c.h; path = RemotePushDelegate.h; sourceTree = "<group>"; };
		33DF306D1C8270EA00F0BFBA /* RemotePushDelegate.m */ = {isa = PBXFileReference; fileEncoding = 4; lastKnownFileType = sourcecode.c.objc; path = RemotePushDelegate.m; sourceTree = "<group>"; };
		33DF30711C82B36400F0BFBA /* bored.gif */ = {isa = PBXFileReference; lastKnownFileType = image.gif; path = bored.gif; sourceTree = "<group>"; };
		33DF30731C82B37700F0BFBA /* eyes.gif */ = {isa = PBXFileReference; lastKnownFileType = image.gif; path = eyes.gif; sourceTree = "<group>"; };
		78C398B01ACF4ADC00677621 /* RCTLinking.xcodeproj */ = {isa = PBXFileReference; lastKnownFileType = "wrapper.pb-project"; name = RCTLinking.xcodeproj; path = "../node_modules/react-native/Libraries/LinkingIOS/RCTLinking.xcodeproj"; sourceTree = "<group>"; };
		832341B01AAA6A8300B99B32 /* RCTText.xcodeproj */ = {isa = PBXFileReference; lastKnownFileType = "wrapper.pb-project"; name = RCTText.xcodeproj; path = "../node_modules/react-native/Libraries/Text/RCTText.xcodeproj"; sourceTree = "<group>"; };
/* End PBXFileReference section */

/* Begin PBXFrameworksBuildPhase section */
		00E356EB1AD99517003FC87E /* Frameworks */ = {
			isa = PBXFrameworksBuildPhase;
			buildActionMask = 2147483647;
			files = (
			);
			runOnlyForDeploymentPostprocessing = 0;
		};
		13B07F8C1A680F5B00A75B9A /* Frameworks */ = {
			isa = PBXFrameworksBuildPhase;
			buildActionMask = 2147483647;
			files = (
				338A41BB1CE7FF20002536C9 /* libsqlite3.0.tbd in Frameworks */,
				338A41B91CE7FF0B002536C9 /* CoreData.framework in Frameworks */,
				339D381F1CB1E80E008BC601 /* libz.tbd in Frameworks */,
				339D381E1CB1E72C008BC601 /* SystemConfiguration.framework in Frameworks */,
				332C6ACA1BEA09B800A9921C /* libRNVectorIcons.a in Frameworks */,
				332C6AC91BEA09B100A9921C /* libRNKeychain.a in Frameworks */,
				332C6AC81BEA09AB00A9921C /* libRNKeyboardEvents.a in Frameworks */,
				00C302E51ABCBA2D00DB3ED1 /* libRCTActionSheet.a in Frameworks */,
				3380AB1F1C86BAFB0034E86C /* libRCTDeviceUUID.a in Frameworks */,
				139105C61AF99C1200B5F7CC /* libRCTSettings.a in Frameworks */,
				00C302E71ABCBA2D00DB3ED1 /* libRCTGeolocation.a in Frameworks */,
				33D1D2E01CC4A2A900499BBA /* libRNImagePicker.a in Frameworks */,
				00C302E91ABCBA2D00DB3ED1 /* libRCTNetwork.a in Frameworks */,
				00C302E81ABCBA2D00DB3ED1 /* libRCTImage.a in Frameworks */,
				339D380B1CB1E62D008BC601 /* libAppHub.a in Frameworks */,
				146834051AC3E58100842450 /* libReact.a in Frameworks */,
				33DF305C1C82704F00F0BFBA /* libRCTRemotePushManager.a in Frameworks */,
				336D3A121C891A9100F3F284 /* libRCTPushNotification.a in Frameworks */,
				33009EEC1C609E3000FD2CDE /* libRNSearchBar.a in Frameworks */,
				133E29F31AD74F7200F7D852 /* libRCTLinking.a in Frameworks */,
				832341BD1AAA6AB300B99B32 /* libRCTText.a in Frameworks */,
				00C302EA1ABCBA2D00DB3ED1 /* libRCTVibration.a in Frameworks */,
				139FDEF61B0652A700C62182 /* libRCTWebSocket.a in Frameworks */,
				333446701C659D610052FDBF /* libActivityView.a in Frameworks */,
			);
			runOnlyForDeploymentPostprocessing = 0;
		};
/* End PBXFrameworksBuildPhase section */

/* Begin PBXGroup section */
		00C302A81ABCB8CE00DB3ED1 /* Products */ = {
			isa = PBXGroup;
			children = (
				00C302AC1ABCB8CE00DB3ED1 /* libRCTActionSheet.a */,
			);
			name = Products;
			sourceTree = "<group>";
		};
		00C302B61ABCB90400DB3ED1 /* Products */ = {
			isa = PBXGroup;
			children = (
				00C302BA1ABCB90400DB3ED1 /* libRCTGeolocation.a */,
			);
			name = Products;
			sourceTree = "<group>";
		};
		00C302BC1ABCB91800DB3ED1 /* Products */ = {
			isa = PBXGroup;
			children = (
				00C302C01ABCB91800DB3ED1 /* libRCTImage.a */,
			);
			name = Products;
			sourceTree = "<group>";
		};
		00C302D41ABCB9D200DB3ED1 /* Products */ = {
			isa = PBXGroup;
			children = (
				00C302DC1ABCB9D200DB3ED1 /* libRCTNetwork.a */,
			);
			name = Products;
			sourceTree = "<group>";
		};
		00C302E01ABCB9EE00DB3ED1 /* Products */ = {
			isa = PBXGroup;
			children = (
				00C302E41ABCB9EE00DB3ED1 /* libRCTVibration.a */,
			);
			name = Products;
			sourceTree = "<group>";
		};
		00E356EF1AD99517003FC87E /* whoupTests */ = {
			isa = PBXGroup;
			children = (
				00E356F21AD99517003FC87E /* whoupTests.m */,
				00E356F01AD99517003FC87E /* Supporting Files */,
			);
			path = whoupTests;
			sourceTree = "<group>";
		};
		00E356F01AD99517003FC87E /* Supporting Files */ = {
			isa = PBXGroup;
			children = (
				00E356F11AD99517003FC87E /* Info.plist */,
			);
			name = "Supporting Files";
			sourceTree = "<group>";
		};
		139105B71AF99BAD00B5F7CC /* Products */ = {
			isa = PBXGroup;
			children = (
				139105C11AF99BAD00B5F7CC /* libRCTSettings.a */,
			);
			name = Products;
			sourceTree = "<group>";
		};
		139FDEE71B06529A00C62182 /* Products */ = {
			isa = PBXGroup;
			children = (
				139FDEF41B06529B00C62182 /* libRCTWebSocket.a */,
			);
			name = Products;
			sourceTree = "<group>";
		};
		13B07FAE1A68108700A75B9A /* whoup */ = {
			isa = PBXGroup;
			children = (
				33DF306C1C8270EA00F0BFBA /* RemotePushDelegate.h */,
				33DF306D1C8270EA00F0BFBA /* RemotePushDelegate.m */,
				33009EA61C60983200FD2CDE /* sofia-black.ttf */,
				13B07FAF1A68108700A75B9A /* AppDelegate.h */,
				13B07FB01A68108700A75B9A /* AppDelegate.m */,
				13B07FB51A68108700A75B9A /* Images.xcassets */,
				13B07FB61A68108700A75B9A /* Info.plist */,
				332C6ACB1BEA0B3D00A9921C /* EnvironmentManager.m */,
				13B07FB71A68108700A75B9A /* main.m */,
				33970B4F1C42FFFE00526283 /* Launch Screen.storyboard */,
			);
			name = whoup;
			sourceTree = "<group>";
		};
		146834001AC3E56700842450 /* Products */ = {
			isa = PBXGroup;
			children = (
				146834041AC3E56700842450 /* libReact.a */,
			);
			name = Products;
			sourceTree = "<group>";
		};
		33009EE71C609E1F00FD2CDE /* Products */ = {
			isa = PBXGroup;
			children = (
				33009EEB1C609E2000FD2CDE /* libRNSearchBar.a */,
			);
			name = Products;
			sourceTree = "<group>";
		};
		330273E11BFC5E470012D429 /* Products */ = {
			isa = PBXGroup;
			children = (
				330273E51BFC5E470012D429 /* libRCTRemotePushManager.a */,
			);
			name = Products;
			sourceTree = "<group>";
		};
		330F8EE71CA1CB0D0006F710 /* Products */ = {
			isa = PBXGroup;
			children = (
				330F8EEF1CA1CB0D0006F710 /* libAppHub.a */,
				330F8EF11CA1CB0D0006F710 /* AppHub.xctest */,
			);
			name = Products;
			sourceTree = "<group>";
		};
		332C6A9D1BEA07C200A9921C /* Fonts */ = {
			isa = PBXGroup;
			children = (
				332C6A9E1BEA07C200A9921C /* Entypo.ttf */,
				332C6A9F1BEA07C200A9921C /* EvilIcons.ttf */,
				332C6AA01BEA07C200A9921C /* FontAwesome.ttf */,
				332C6AA11BEA07C200A9921C /* Foundation.ttf */,
				332C6AA21BEA07C200A9921C /* Ionicons.ttf */,
				332C6AA31BEA07C200A9921C /* MaterialIcons.ttf */,
				332C6AA41BEA07C200A9921C /* Octicons.ttf */,
				332C6AA51BEA07C200A9921C /* Zocial.ttf */,
			);
			name = Fonts;
			path = "../node_modules/react-native-vector-icons/Fonts";
			sourceTree = "<group>";
		};
		332C6AB71BEA08E600A9921C /* Products */ = {
			isa = PBXGroup;
			children = (
				332C6ABB1BEA08E600A9921C /* libRNKeychain.a */,
			);
			name = Products;
			sourceTree = "<group>";
		};
		332C6ABD1BEA090500A9921C /* Products */ = {
			isa = PBXGroup;
			children = (
				332C6AC11BEA090500A9921C /* libRNKeyboardEvents.a */,
			);
			name = Products;
			sourceTree = "<group>";
		};
		332C6AC31BEA092500A9921C /* Products */ = {
			isa = PBXGroup;
			children = (
				332C6AC71BEA092500A9921C /* libRNVectorIcons.a */,
			);
			name = Products;
			sourceTree = "<group>";
		};
		3334466B1C659D510052FDBF /* Products */ = {
			isa = PBXGroup;
			children = (
				3334466F1C659D520052FDBF /* libActivityView.a */,
			);
			name = Products;
			sourceTree = "<group>";
		};
		336D3A0C1C89193800F3F284 /* Products */ = {
			isa = PBXGroup;
			children = (
				336D3A101C89193800F3F284 /* libRCTPushNotification.a */,
			);
			name = Products;
			sourceTree = "<group>";
		};
		3380AB0A1C86BAEC0034E86C /* Products */ = {
			isa = PBXGroup;
			children = (
				3380AB101C86BAEC0034E86C /* libRCTDeviceUUID.a */,
			);
			name = Products;
			sourceTree = "<group>";
		};
		338A419D1CE7FA4A002536C9 /* Products */ = {
			isa = PBXGroup;
			children = (
				338A41A81CE7FA4A002536C9 /* libRCTGoogleAnalyticsBridge.a */,
			);
			name = Products;
			sourceTree = "<group>";
		};
		33D1D2C61CC4A28A00499BBA /* Products */ = {
			isa = PBXGroup;
			children = (
				33D1D2DB1CC4A28A00499BBA /* libRNImagePicker.a */,
			);
			name = Products;
			sourceTree = "<group>";
		};
		68FB33C9F11B72D8148B3A6D /* Frameworks */ = {
			isa = PBXGroup;
			children = (
				338A41BA1CE7FF20002536C9 /* libsqlite3.0.tbd */,
				338A41B81CE7FF0A002536C9 /* CoreData.framework */,
				330F8F061CA1CBC30006F710 /* libz.tbd */,
				330F8F041CA1CBB50006F710 /* SystemConfiguration.framework */,
				3334464A1C659C2D0052FDBF /* Social.framework */,
				332C6AAE1BEA081800A9921C /* libRNVectorIcons.a */,
				332C6A6A1BEA04AB00A9921C /* libSimulatorRemoteNotifications.a */,
			);
			name = Frameworks;
			sourceTree = "<group>";
		};
		78C398B11ACF4ADC00677621 /* Products */ = {
			isa = PBXGroup;
			children = (
				78C398B91ACF4ADC00677621 /* libRCTLinking.a */,
			);
			name = Products;
			sourceTree = "<group>";
		};
		832341AE1AAA6A7D00B99B32 /* Libraries */ = {
			isa = PBXGroup;
			children = (
				338A419C1CE7FA4A002536C9 /* RCTGoogleAnalyticsBridge.xcodeproj */,
				33D1D2C51CC4A28A00499BBA /* RNImagePicker.xcodeproj */,
				330F8EE61CA1CB0D0006F710 /* AppHub.xcodeproj */,
				336D3A0B1C89193800F3F284 /* RCTPushNotification.xcodeproj */,
				3380AB091C86BAEC0034E86C /* RCTDeviceUUID.xcodeproj */,
				3334466A1C659D510052FDBF /* ActivityView.xcodeproj */,
				33009EE61C609E1F00FD2CDE /* RNSearchBar.xcodeproj */,
				330273E01BFC5E470012D429 /* RCTRemotePushManager.xcodeproj */,
				332C6AC21BEA092500A9921C /* RNVectorIcons.xcodeproj */,
				332C6ABC1BEA090500A9921C /* RNKeyboardEvents.xcodeproj */,
				332C6AB61BEA08E600A9921C /* RNKeychain.xcodeproj */,
				146833FF1AC3E56700842450 /* React.xcodeproj */,
				00C302A71ABCB8CE00DB3ED1 /* RCTActionSheet.xcodeproj */,
				00C302B51ABCB90400DB3ED1 /* RCTGeolocation.xcodeproj */,
				00C302BB1ABCB91800DB3ED1 /* RCTImage.xcodeproj */,
				78C398B01ACF4ADC00677621 /* RCTLinking.xcodeproj */,
				00C302D31ABCB9D200DB3ED1 /* RCTNetwork.xcodeproj */,
				139105B61AF99BAD00B5F7CC /* RCTSettings.xcodeproj */,
				832341B01AAA6A8300B99B32 /* RCTText.xcodeproj */,
				00C302DF1ABCB9EE00DB3ED1 /* RCTVibration.xcodeproj */,
				139FDEE61B06529A00C62182 /* RCTWebSocket.xcodeproj */,
			);
			name = Libraries;
			sourceTree = "<group>";
		};
		832341B11AAA6A8300B99B32 /* Products */ = {
			isa = PBXGroup;
			children = (
				832341B51AAA6A8300B99B32 /* libRCTText.a */,
			);
			name = Products;
			sourceTree = "<group>";
		};
		83CBB9F61A601CBA00E9B192 = {
			isa = PBXGroup;
			children = (
				33C2BAB21C941E81004FC059 /* eyes_animation trans.gif */,
				33DF30731C82B37700F0BFBA /* eyes.gif */,
				33DF30711C82B36400F0BFBA /* bored.gif */,
				33781C891C7D7C7C00E6BBB2 /* Bored.gif */,
				336DD3181C6EE42800DF160F /* sleepy.gif */,
				332C6A9D1BEA07C200A9921C /* Fonts */,
				13B07FAE1A68108700A75B9A /* whoup */,
				832341AE1AAA6A7D00B99B32 /* Libraries */,
				00E356EF1AD99517003FC87E /* whoupTests */,
				83CBBA001A601CBA00E9B192 /* Products */,
				68FB33C9F11B72D8148B3A6D /* Frameworks */,
			);
			indentWidth = 2;
			sourceTree = "<group>";
			tabWidth = 2;
		};
		83CBBA001A601CBA00E9B192 /* Products */ = {
			isa = PBXGroup;
			children = (
				13B07F961A680F5B00A75B9A /* whoup.app */,
				00E356EE1AD99517003FC87E /* whoupTests.xctest */,
			);
			name = Products;
			sourceTree = "<group>";
		};
/* End PBXGroup section */

/* Begin PBXNativeTarget section */
		00E356ED1AD99517003FC87E /* whoupTests */ = {
			isa = PBXNativeTarget;
			buildConfigurationList = 00E357021AD99517003FC87E /* Build configuration list for PBXNativeTarget "whoupTests" */;
			buildPhases = (
				00E356EA1AD99517003FC87E /* Sources */,
				00E356EB1AD99517003FC87E /* Frameworks */,
				00E356EC1AD99517003FC87E /* Resources */,
			);
			buildRules = (
			);
			dependencies = (
				00E356F51AD99517003FC87E /* PBXTargetDependency */,
			);
			name = whoupTests;
			productName = whoupTests;
			productReference = 00E356EE1AD99517003FC87E /* whoupTests.xctest */;
			productType = "com.apple.product-type.bundle.unit-test";
		};
		13B07F861A680F5B00A75B9A /* whoup */ = {
			isa = PBXNativeTarget;
			buildConfigurationList = 13B07F931A680F5B00A75B9A /* Build configuration list for PBXNativeTarget "whoup" */;
			buildPhases = (
				13B07F871A680F5B00A75B9A /* Sources */,
				13B07F8C1A680F5B00A75B9A /* Frameworks */,
				13B07F8E1A680F5B00A75B9A /* Resources */,
				3385B9461C54F72000DF1CB7 /* ShellScript */,
			);
			buildRules = (
			);
			dependencies = (
			);
			name = whoup;
			productName = "Hello World";
			productReference = 13B07F961A680F5B00A75B9A /* whoup.app */;
			productType = "com.apple.product-type.application";
		};
/* End PBXNativeTarget section */

/* Begin PBXProject section */
		83CBB9F71A601CBA00E9B192 /* Project object */ = {
			isa = PBXProject;
			attributes = {
				LastUpgradeCheck = 0710;
				ORGANIZATIONNAME = Facebook;
				TargetAttributes = {
					00E356ED1AD99517003FC87E = {
						CreatedOnToolsVersion = 6.2;
						DevelopmentTeam = ZMRN4KXSEJ;
						TestTargetID = 13B07F861A680F5B00A75B9A;
					};
					13B07F861A680F5B00A75B9A = {
						DevelopmentTeam = VLMXMVKCDJ;
						SystemCapabilities = {
							com.apple.Push = {
								enabled = 1;
							};
						};
					};
				};
			};
			buildConfigurationList = 83CBB9FA1A601CBA00E9B192 /* Build configuration list for PBXProject "whoup" */;
			compatibilityVersion = "Xcode 3.2";
			developmentRegion = English;
			hasScannedForEncodings = 0;
			knownRegions = (
				en,
				Base,
			);
			mainGroup = 83CBB9F61A601CBA00E9B192;
			productRefGroup = 83CBBA001A601CBA00E9B192 /* Products */;
			projectDirPath = "";
			projectReferences = (
				{
					ProductGroup = 3334466B1C659D510052FDBF /* Products */;
					ProjectRef = 3334466A1C659D510052FDBF /* ActivityView.xcodeproj */;
				},
				{
					ProductGroup = 330F8EE71CA1CB0D0006F710 /* Products */;
					ProjectRef = 330F8EE61CA1CB0D0006F710 /* AppHub.xcodeproj */;
				},
				{
					ProductGroup = 00C302A81ABCB8CE00DB3ED1 /* Products */;
					ProjectRef = 00C302A71ABCB8CE00DB3ED1 /* RCTActionSheet.xcodeproj */;
				},
				{
					ProductGroup = 3380AB0A1C86BAEC0034E86C /* Products */;
					ProjectRef = 3380AB091C86BAEC0034E86C /* RCTDeviceUUID.xcodeproj */;
				},
				{
					ProductGroup = 00C302B61ABCB90400DB3ED1 /* Products */;
					ProjectRef = 00C302B51ABCB90400DB3ED1 /* RCTGeolocation.xcodeproj */;
				},
				{
					ProductGroup = 338A419D1CE7FA4A002536C9 /* Products */;
					ProjectRef = 338A419C1CE7FA4A002536C9 /* RCTGoogleAnalyticsBridge.xcodeproj */;
				},
				{
					ProductGroup = 00C302BC1ABCB91800DB3ED1 /* Products */;
					ProjectRef = 00C302BB1ABCB91800DB3ED1 /* RCTImage.xcodeproj */;
				},
				{
					ProductGroup = 78C398B11ACF4ADC00677621 /* Products */;
					ProjectRef = 78C398B01ACF4ADC00677621 /* RCTLinking.xcodeproj */;
				},
				{
					ProductGroup = 00C302D41ABCB9D200DB3ED1 /* Products */;
					ProjectRef = 00C302D31ABCB9D200DB3ED1 /* RCTNetwork.xcodeproj */;
				},
				{
					ProductGroup = 336D3A0C1C89193800F3F284 /* Products */;
					ProjectRef = 336D3A0B1C89193800F3F284 /* RCTPushNotification.xcodeproj */;
				},
				{
					ProductGroup = 330273E11BFC5E470012D429 /* Products */;
					ProjectRef = 330273E01BFC5E470012D429 /* RCTRemotePushManager.xcodeproj */;
				},
				{
					ProductGroup = 139105B71AF99BAD00B5F7CC /* Products */;
					ProjectRef = 139105B61AF99BAD00B5F7CC /* RCTSettings.xcodeproj */;
				},
				{
					ProductGroup = 832341B11AAA6A8300B99B32 /* Products */;
					ProjectRef = 832341B01AAA6A8300B99B32 /* RCTText.xcodeproj */;
				},
				{
					ProductGroup = 00C302E01ABCB9EE00DB3ED1 /* Products */;
					ProjectRef = 00C302DF1ABCB9EE00DB3ED1 /* RCTVibration.xcodeproj */;
				},
				{
					ProductGroup = 139FDEE71B06529A00C62182 /* Products */;
					ProjectRef = 139FDEE61B06529A00C62182 /* RCTWebSocket.xcodeproj */;
				},
				{
					ProductGroup = 146834001AC3E56700842450 /* Products */;
					ProjectRef = 146833FF1AC3E56700842450 /* React.xcodeproj */;
				},
				{
					ProductGroup = 33D1D2C61CC4A28A00499BBA /* Products */;
					ProjectRef = 33D1D2C51CC4A28A00499BBA /* RNImagePicker.xcodeproj */;
				},
				{
					ProductGroup = 332C6ABD1BEA090500A9921C /* Products */;
					ProjectRef = 332C6ABC1BEA090500A9921C /* RNKeyboardEvents.xcodeproj */;
				},
				{
					ProductGroup = 332C6AB71BEA08E600A9921C /* Products */;
					ProjectRef = 332C6AB61BEA08E600A9921C /* RNKeychain.xcodeproj */;
				},
				{
					ProductGroup = 33009EE71C609E1F00FD2CDE /* Products */;
					ProjectRef = 33009EE61C609E1F00FD2CDE /* RNSearchBar.xcodeproj */;
				},
				{
					ProductGroup = 332C6AC31BEA092500A9921C /* Products */;
					ProjectRef = 332C6AC21BEA092500A9921C /* RNVectorIcons.xcodeproj */;
				},
			);
			projectRoot = "";
			targets = (
				13B07F861A680F5B00A75B9A /* whoup */,
				00E356ED1AD99517003FC87E /* whoupTests */,
			);
		};
/* End PBXProject section */

/* Begin PBXReferenceProxy section */
		00C302AC1ABCB8CE00DB3ED1 /* libRCTActionSheet.a */ = {
			isa = PBXReferenceProxy;
			fileType = archive.ar;
			path = libRCTActionSheet.a;
			remoteRef = 00C302AB1ABCB8CE00DB3ED1 /* PBXContainerItemProxy */;
			sourceTree = BUILT_PRODUCTS_DIR;
		};
		00C302BA1ABCB90400DB3ED1 /* libRCTGeolocation.a */ = {
			isa = PBXReferenceProxy;
			fileType = archive.ar;
			path = libRCTGeolocation.a;
			remoteRef = 00C302B91ABCB90400DB3ED1 /* PBXContainerItemProxy */;
			sourceTree = BUILT_PRODUCTS_DIR;
		};
		00C302C01ABCB91800DB3ED1 /* libRCTImage.a */ = {
			isa = PBXReferenceProxy;
			fileType = archive.ar;
			path = libRCTImage.a;
			remoteRef = 00C302BF1ABCB91800DB3ED1 /* PBXContainerItemProxy */;
			sourceTree = BUILT_PRODUCTS_DIR;
		};
		00C302DC1ABCB9D200DB3ED1 /* libRCTNetwork.a */ = {
			isa = PBXReferenceProxy;
			fileType = archive.ar;
			path = libRCTNetwork.a;
			remoteRef = 00C302DB1ABCB9D200DB3ED1 /* PBXContainerItemProxy */;
			sourceTree = BUILT_PRODUCTS_DIR;
		};
		00C302E41ABCB9EE00DB3ED1 /* libRCTVibration.a */ = {
			isa = PBXReferenceProxy;
			fileType = archive.ar;
			path = libRCTVibration.a;
			remoteRef = 00C302E31ABCB9EE00DB3ED1 /* PBXContainerItemProxy */;
			sourceTree = BUILT_PRODUCTS_DIR;
		};
		139105C11AF99BAD00B5F7CC /* libRCTSettings.a */ = {
			isa = PBXReferenceProxy;
			fileType = archive.ar;
			path = libRCTSettings.a;
			remoteRef = 139105C01AF99BAD00B5F7CC /* PBXContainerItemProxy */;
			sourceTree = BUILT_PRODUCTS_DIR;
		};
		139FDEF41B06529B00C62182 /* libRCTWebSocket.a */ = {
			isa = PBXReferenceProxy;
			fileType = archive.ar;
			path = libRCTWebSocket.a;
			remoteRef = 139FDEF31B06529B00C62182 /* PBXContainerItemProxy */;
			sourceTree = BUILT_PRODUCTS_DIR;
		};
		146834041AC3E56700842450 /* libReact.a */ = {
			isa = PBXReferenceProxy;
			fileType = archive.ar;
			path = libReact.a;
			remoteRef = 146834031AC3E56700842450 /* PBXContainerItemProxy */;
			sourceTree = BUILT_PRODUCTS_DIR;
		};
		33009EEB1C609E2000FD2CDE /* libRNSearchBar.a */ = {
			isa = PBXReferenceProxy;
			fileType = archive.ar;
			path = libRNSearchBar.a;
			remoteRef = 33009EEA1C609E2000FD2CDE /* PBXContainerItemProxy */;
			sourceTree = BUILT_PRODUCTS_DIR;
		};
		330273E51BFC5E470012D429 /* libRCTRemotePushManager.a */ = {
			isa = PBXReferenceProxy;
			fileType = archive.ar;
			path = libRCTRemotePushManager.a;
			remoteRef = 330273E41BFC5E470012D429 /* PBXContainerItemProxy */;
			sourceTree = BUILT_PRODUCTS_DIR;
		};
		330F8EEF1CA1CB0D0006F710 /* libAppHub.a */ = {
			isa = PBXReferenceProxy;
			fileType = archive.ar;
			path = libAppHub.a;
			remoteRef = 330F8EEE1CA1CB0D0006F710 /* PBXContainerItemProxy */;
			sourceTree = BUILT_PRODUCTS_DIR;
		};
		330F8EF11CA1CB0D0006F710 /* AppHub.xctest */ = {
			isa = PBXReferenceProxy;
			fileType = wrapper.cfbundle;
			path = AppHub.xctest;
			remoteRef = 330F8EF01CA1CB0D0006F710 /* PBXContainerItemProxy */;
			sourceTree = BUILT_PRODUCTS_DIR;
		};
		332C6ABB1BEA08E600A9921C /* libRNKeychain.a */ = {
			isa = PBXReferenceProxy;
			fileType = archive.ar;
			path = libRNKeychain.a;
			remoteRef = 332C6ABA1BEA08E600A9921C /* PBXContainerItemProxy */;
			sourceTree = BUILT_PRODUCTS_DIR;
		};
		332C6AC11BEA090500A9921C /* libRNKeyboardEvents.a */ = {
			isa = PBXReferenceProxy;
			fileType = archive.ar;
			path = libRNKeyboardEvents.a;
			remoteRef = 332C6AC01BEA090500A9921C /* PBXContainerItemProxy */;
			sourceTree = BUILT_PRODUCTS_DIR;
		};
		332C6AC71BEA092500A9921C /* libRNVectorIcons.a */ = {
			isa = PBXReferenceProxy;
			fileType = archive.ar;
			path = libRNVectorIcons.a;
			remoteRef = 332C6AC61BEA092500A9921C /* PBXContainerItemProxy */;
			sourceTree = BUILT_PRODUCTS_DIR;
		};
		3334466F1C659D520052FDBF /* libActivityView.a */ = {
			isa = PBXReferenceProxy;
			fileType = archive.ar;
			path = libActivityView.a;
			remoteRef = 3334466E1C659D520052FDBF /* PBXContainerItemProxy */;
			sourceTree = BUILT_PRODUCTS_DIR;
		};
		336D3A101C89193800F3F284 /* libRCTPushNotification.a */ = {
			isa = PBXReferenceProxy;
			fileType = archive.ar;
			path = libRCTPushNotification.a;
			remoteRef = 336D3A0F1C89193800F3F284 /* PBXContainerItemProxy */;
			sourceTree = BUILT_PRODUCTS_DIR;
		};
		3380AB101C86BAEC0034E86C /* libRCTDeviceUUID.a */ = {
			isa = PBXReferenceProxy;
			fileType = archive.ar;
			path = libRCTDeviceUUID.a;
			remoteRef = 3380AB0F1C86BAEC0034E86C /* PBXContainerItemProxy */;
			sourceTree = BUILT_PRODUCTS_DIR;
		};
		338A41A81CE7FA4A002536C9 /* libRCTGoogleAnalyticsBridge.a */ = {
			isa = PBXReferenceProxy;
			fileType = archive.ar;
			path = libRCTGoogleAnalyticsBridge.a;
			remoteRef = 338A41A71CE7FA4A002536C9 /* PBXContainerItemProxy */;
			sourceTree = BUILT_PRODUCTS_DIR;
		};
		33D1D2DB1CC4A28A00499BBA /* libRNImagePicker.a */ = {
			isa = PBXReferenceProxy;
			fileType = archive.ar;
			path = libRNImagePicker.a;
			remoteRef = 33D1D2DA1CC4A28A00499BBA /* PBXContainerItemProxy */;
			sourceTree = BUILT_PRODUCTS_DIR;
		};
		78C398B91ACF4ADC00677621 /* libRCTLinking.a */ = {
			isa = PBXReferenceProxy;
			fileType = archive.ar;
			path = libRCTLinking.a;
			remoteRef = 78C398B81ACF4ADC00677621 /* PBXContainerItemProxy */;
			sourceTree = BUILT_PRODUCTS_DIR;
		};
		832341B51AAA6A8300B99B32 /* libRCTText.a */ = {
			isa = PBXReferenceProxy;
			fileType = archive.ar;
			path = libRCTText.a;
			remoteRef = 832341B41AAA6A8300B99B32 /* PBXContainerItemProxy */;
			sourceTree = BUILT_PRODUCTS_DIR;
		};
/* End PBXReferenceProxy section */

/* Begin PBXResourcesBuildPhase section */
		00E356EC1AD99517003FC87E /* Resources */ = {
			isa = PBXResourcesBuildPhase;
			buildActionMask = 2147483647;
			files = (
			);
			runOnlyForDeploymentPostprocessing = 0;
		};
		13B07F8E1A680F5B00A75B9A /* Resources */ = {
			isa = PBXResourcesBuildPhase;
			buildActionMask = 2147483647;
			files = (
				336DD3191C6EE42800DF160F /* sleepy.gif in Resources */,
				33DF30721C82B36400F0BFBA /* bored.gif in Resources */,
				33DF30741C82B37700F0BFBA /* eyes.gif in Resources */,
				332C6AAC1BEA07C200A9921C /* Octicons.ttf in Resources */,
				332C6AA91BEA07C200A9921C /* Foundation.ttf in Resources */,
				332C6AAA1BEA07C200A9921C /* Ionicons.ttf in Resources */,
				332C6AA61BEA07C200A9921C /* Entypo.ttf in Resources */,
				13B07FBF1A68108700A75B9A /* Images.xcassets in Resources */,
				33009EA71C60983200FD2CDE /* sofia-black.ttf in Resources */,
				33C2BAB31C941E81004FC059 /* eyes_animation trans.gif in Resources */,
				33970B4D1C42FFFE00526283 /* Launch Screen.storyboard in Resources */,
				332C6AAD1BEA07C200A9921C /* Zocial.ttf in Resources */,
				332C6AAB1BEA07C200A9921C /* MaterialIcons.ttf in Resources */,
				332C6AA71BEA07C200A9921C /* EvilIcons.ttf in Resources */,
				332C6AA81BEA07C200A9921C /* FontAwesome.ttf in Resources */,
			);
			runOnlyForDeploymentPostprocessing = 0;
		};
/* End PBXResourcesBuildPhase section */

/* Begin PBXShellScriptBuildPhase section */
		3385B9461C54F72000DF1CB7 /* ShellScript */ = {
			isa = PBXShellScriptBuildPhase;
			buildActionMask = 2147483647;
			files = (
			);
			inputPaths = (
			);
			outputPaths = (
			);
			runOnlyForDeploymentPostprocessing = 0;
			shellPath = /bin/sh;
			shellScript = "../node_modules/react-native/packager/react-native-xcode.sh";
		};
/* End PBXShellScriptBuildPhase section */

/* Begin PBXSourcesBuildPhase section */
		00E356EA1AD99517003FC87E /* Sources */ = {
			isa = PBXSourcesBuildPhase;
			buildActionMask = 2147483647;
			files = (
				00E356F31AD99517003FC87E /* whoupTests.m in Sources */,
			);
			runOnlyForDeploymentPostprocessing = 0;
		};
		13B07F871A680F5B00A75B9A /* Sources */ = {
			isa = PBXSourcesBuildPhase;
			buildActionMask = 2147483647;
			files = (
				13B07FBC1A68108700A75B9A /* AppDelegate.m in Sources */,
				332C6ACC1BEA0B3D00A9921C /* EnvironmentManager.m in Sources */,
				33DF306F1C8270EA00F0BFBA /* RemotePushDelegate.m in Sources */,
				13B07FC11A68108700A75B9A /* main.m in Sources */,
			);
			runOnlyForDeploymentPostprocessing = 0;
		};
/* End PBXSourcesBuildPhase section */

/* Begin PBXTargetDependency section */
		00E356F51AD99517003FC87E /* PBXTargetDependency */ = {
			isa = PBXTargetDependency;
			target = 13B07F861A680F5B00A75B9A /* whoup */;
			targetProxy = 00E356F41AD99517003FC87E /* PBXContainerItemProxy */;
		};
/* End PBXTargetDependency section */

/* Begin PBXVariantGroup section */
		33970B4F1C42FFFE00526283 /* Launch Screen.storyboard */ = {
			isa = PBXVariantGroup;
			children = (
				33970B4E1C42FFFE00526283 /* Base */,
			);
			name = "Launch Screen.storyboard";
			sourceTree = "<group>";
		};
/* End PBXVariantGroup section */

/* Begin XCBuildConfiguration section */
		00E356F61AD99517003FC87E /* Debug */ = {
			isa = XCBuildConfiguration;
			buildSettings = {
				BUNDLE_LOADER = "$(TEST_HOST)";
				CODE_SIGN_IDENTITY = "iPhone Developer";
				"CODE_SIGN_IDENTITY[sdk=iphoneos*]" = "iPhone Developer";
				FRAMEWORK_SEARCH_PATHS = (
					"$(SDKROOT)/Developer/Library/Frameworks",
					"$(inherited)",
				);
				GCC_PREPROCESSOR_DEFINITIONS = (
					"DEBUG=1",
					"$(inherited)",
				);
				INFOPLIST_FILE = whoupTests/Info.plist;
				IPHONEOS_DEPLOYMENT_TARGET = 8.2;
				LD_RUNPATH_SEARCH_PATHS = "$(inherited) @executable_path/Frameworks @loader_path/Frameworks";
				PRODUCT_BUNDLE_IDENTIFIER = "org.reactjs.native.example.$(PRODUCT_NAME:rfc1034identifier)";
				PRODUCT_NAME = "$(TARGET_NAME)";
				PROVISIONING_PROFILE = "";
				TEST_HOST = "$(BUILT_PRODUCTS_DIR)/whoup.app/whoup";
			};
			name = Debug;
		};
		00E356F71AD99517003FC87E /* Release */ = {
			isa = XCBuildConfiguration;
			buildSettings = {
				BUNDLE_LOADER = "$(TEST_HOST)";
				CODE_SIGN_IDENTITY = "iPhone Developer";
				"CODE_SIGN_IDENTITY[sdk=iphoneos*]" = "iPhone Developer";
				COPY_PHASE_STRIP = NO;
				FRAMEWORK_SEARCH_PATHS = (
					"$(SDKROOT)/Developer/Library/Frameworks",
					"$(inherited)",
				);
				INFOPLIST_FILE = whoupTests/Info.plist;
				IPHONEOS_DEPLOYMENT_TARGET = 8.2;
				LD_RUNPATH_SEARCH_PATHS = "$(inherited) @executable_path/Frameworks @loader_path/Frameworks";
				PRODUCT_BUNDLE_IDENTIFIER = "org.reactjs.native.example.$(PRODUCT_NAME:rfc1034identifier)";
				PRODUCT_NAME = "$(TARGET_NAME)";
				PROVISIONING_PROFILE = "";
				TEST_HOST = "$(BUILT_PRODUCTS_DIR)/whoup.app/whoup";
			};
			name = Release;
		};
		13B07F941A680F5B00A75B9A /* Debug */ = {
			isa = XCBuildConfiguration;
			buildSettings = {
				ASSETCATALOG_COMPILER_APPICON_NAME = AppIcon;
				ASSETCATALOG_COMPILER_LAUNCHIMAGE_NAME = "Brand Assets";
				CODE_SIGN_IDENTITY = "iPhone Developer";
				"CODE_SIGN_IDENTITY[sdk=iphoneos*]" = "iPhone Developer: Saarim Zaman (6REZJJBPX8)";
				DEAD_CODE_STRIPPING = NO;
				HEADER_SEARCH_PATHS = (
					"$(inherited)",
					/Applications/Xcode.app/Contents/Developer/Toolchains/XcodeDefault.xctoolchain/usr/include,
					"$(SRCROOT)/../node_modules/react-native/React/**",
					"$(SRCROOT)/../node_modules/react-native/Libraries/PushNotificationIOS/**",
					"$(SRCROOT)/../node_modules/apphub/AppHub/**",
				);
				INFOPLIST_FILE = whoup/Info.plist;
				IPHONEOS_DEPLOYMENT_TARGET = 8.1;
				LD_RUNPATH_SEARCH_PATHS = "$(inherited) @executable_path/Frameworks";
				LIBRARY_SEARCH_PATHS = (
					"$(inherited)",
					"$(PROJECT_DIR)/build/Debug-iphoneos",
				);
				OTHER_LDFLAGS = "-ObjC";
				PRODUCT_BUNDLE_IDENTIFIER = com.WhoUp.club;
				PRODUCT_NAME = whoup;
				PROVISIONING_PROFILE = "";
				TARGETED_DEVICE_FAMILY = 1;
			};
			name = Debug;
		};
		13B07F951A680F5B00A75B9A /* Release */ = {
			isa = XCBuildConfiguration;
			buildSettings = {
				ASSETCATALOG_COMPILER_APPICON_NAME = AppIcon;
				ASSETCATALOG_COMPILER_LAUNCHIMAGE_NAME = "Brand Assets";
				CODE_SIGN_IDENTITY = "iPhone Developer";
				"CODE_SIGN_IDENTITY[sdk=iphoneos*]" = "iPhone Developer: Saarim Zaman (6REZJJBPX8)";
				HEADER_SEARCH_PATHS = (
					"$(inherited)",
					/Applications/Xcode.app/Contents/Developer/Toolchains/XcodeDefault.xctoolchain/usr/include,
					"$(SRCROOT)/../node_modules/react-native/React/**",
					"$(SRCROOT)/../node_modules/react-native/Libraries/PushNotificationIOS/**",
					"$(SRCROOT)/../node_modules/apphub/AppHub/**",
				);
				INFOPLIST_FILE = whoup/Info.plist;
				IPHONEOS_DEPLOYMENT_TARGET = 8.1;
				LD_RUNPATH_SEARCH_PATHS = "$(inherited) @executable_path/Frameworks";
				LIBRARY_SEARCH_PATHS = (
					"$(inherited)",
					"$(PROJECT_DIR)/build/Debug-iphoneos",
				);
				OTHER_LDFLAGS = "-ObjC";
				PRODUCT_BUNDLE_IDENTIFIER = com.WhoUp.club;
				PRODUCT_NAME = whoup;
				PROVISIONING_PROFILE = "";
				TARGETED_DEVICE_FAMILY = 1;
			};
			name = Release;
		};
		83CBBA201A601CBA00E9B192 /* Debug */ = {
			isa = XCBuildConfiguration;
			buildSettings = {
				ALWAYS_SEARCH_USER_PATHS = NO;
				CLANG_CXX_LANGUAGE_STANDARD = "gnu++0x";
				CLANG_CXX_LIBRARY = "libc++";
				CLANG_ENABLE_MODULES = YES;
				CLANG_ENABLE_OBJC_ARC = YES;
				CLANG_WARN_BOOL_CONVERSION = YES;
				CLANG_WARN_CONSTANT_CONVERSION = YES;
				CLANG_WARN_DIRECT_OBJC_ISA_USAGE = YES_ERROR;
				CLANG_WARN_EMPTY_BODY = YES;
				CLANG_WARN_ENUM_CONVERSION = YES;
				CLANG_WARN_INT_CONVERSION = YES;
				CLANG_WARN_OBJC_ROOT_CLASS = YES_ERROR;
				CLANG_WARN_UNREACHABLE_CODE = YES;
				CLANG_WARN__DUPLICATE_METHOD_MATCH = YES;
				"CODE_SIGN_IDENTITY[sdk=iphoneos*]" = "iPhone Developer";
				COPY_PHASE_STRIP = NO;
				ENABLE_STRICT_OBJC_MSGSEND = YES;
				ENABLE_TESTABILITY = YES;
				GCC_C_LANGUAGE_STANDARD = gnu99;
				GCC_DYNAMIC_NO_PIC = NO;
				GCC_OPTIMIZATION_LEVEL = 0;
				GCC_PREPROCESSOR_DEFINITIONS = (
					"DEBUG=1",
					"$(inherited)",
				);
				GCC_SYMBOLS_PRIVATE_EXTERN = NO;
				GCC_WARN_64_TO_32_BIT_CONVERSION = YES;
				GCC_WARN_ABOUT_RETURN_TYPE = YES_ERROR;
				GCC_WARN_UNDECLARED_SELECTOR = YES;
				GCC_WARN_UNINITIALIZED_AUTOS = YES_AGGRESSIVE;
				GCC_WARN_UNUSED_FUNCTION = YES;
				GCC_WARN_UNUSED_VARIABLE = YES;
				HEADER_SEARCH_PATHS = (
					"$(inherited)",
					/Applications/Xcode.app/Contents/Developer/Toolchains/XcodeDefault.xctoolchain/usr/include,
					"$(SRCROOT)/../node_modules/react-native/React/**",
				);
				IPHONEOS_DEPLOYMENT_TARGET = 7.0;
				MTL_ENABLE_DEBUG_INFO = YES;
				ONLY_ACTIVE_ARCH = YES;
				SDKROOT = iphoneos;
			};
			name = Debug;
		};
		83CBBA211A601CBA00E9B192 /* Release */ = {
			isa = XCBuildConfiguration;
			buildSettings = {
				ALWAYS_SEARCH_USER_PATHS = NO;
				CLANG_CXX_LANGUAGE_STANDARD = "gnu++0x";
				CLANG_CXX_LIBRARY = "libc++";
				CLANG_ENABLE_MODULES = YES;
				CLANG_ENABLE_OBJC_ARC = YES;
				CLANG_WARN_BOOL_CONVERSION = YES;
				CLANG_WARN_CONSTANT_CONVERSION = YES;
				CLANG_WARN_DIRECT_OBJC_ISA_USAGE = YES_ERROR;
				CLANG_WARN_EMPTY_BODY = YES;
				CLANG_WARN_ENUM_CONVERSION = YES;
				CLANG_WARN_INT_CONVERSION = YES;
				CLANG_WARN_OBJC_ROOT_CLASS = YES_ERROR;
				CLANG_WARN_UNREACHABLE_CODE = YES;
				CLANG_WARN__DUPLICATE_METHOD_MATCH = YES;
				"CODE_SIGN_IDENTITY[sdk=iphoneos*]" = "iPhone Developer";
				COPY_PHASE_STRIP = YES;
				ENABLE_NS_ASSERTIONS = NO;
				ENABLE_STRICT_OBJC_MSGSEND = YES;
				GCC_C_LANGUAGE_STANDARD = gnu99;
				GCC_WARN_64_TO_32_BIT_CONVERSION = YES;
				GCC_WARN_ABOUT_RETURN_TYPE = YES_ERROR;
				GCC_WARN_UNDECLARED_SELECTOR = YES;
				GCC_WARN_UNINITIALIZED_AUTOS = YES_AGGRESSIVE;
				GCC_WARN_UNUSED_FUNCTION = YES;
				GCC_WARN_UNUSED_VARIABLE = YES;
				HEADER_SEARCH_PATHS = (
					"$(inherited)",
					/Applications/Xcode.app/Contents/Developer/Toolchains/XcodeDefault.xctoolchain/usr/include,
					"$(SRCROOT)/../node_modules/react-native/React/**",
				);
				IPHONEOS_DEPLOYMENT_TARGET = 7.0;
				MTL_ENABLE_DEBUG_INFO = NO;
				SDKROOT = iphoneos;
				VALIDATE_PRODUCT = YES;
			};
			name = Release;
		};
/* End XCBuildConfiguration section */

/* Begin XCConfigurationList section */
		00E357021AD99517003FC87E /* Build configuration list for PBXNativeTarget "whoupTests" */ = {
			isa = XCConfigurationList;
			buildConfigurations = (
				00E356F61AD99517003FC87E /* Debug */,
				00E356F71AD99517003FC87E /* Release */,
			);
			defaultConfigurationIsVisible = 0;
			defaultConfigurationName = Release;
		};
		13B07F931A680F5B00A75B9A /* Build configuration list for PBXNativeTarget "whoup" */ = {
			isa = XCConfigurationList;
			buildConfigurations = (
				13B07F941A680F5B00A75B9A /* Debug */,
				13B07F951A680F5B00A75B9A /* Release */,
			);
			defaultConfigurationIsVisible = 0;
			defaultConfigurationName = Release;
		};
		83CBB9FA1A601CBA00E9B192 /* Build configuration list for PBXProject "whoup" */ = {
			isa = XCConfigurationList;
			buildConfigurations = (
				83CBBA201A601CBA00E9B192 /* Debug */,
				83CBBA211A601CBA00E9B192 /* Release */,
			);
			defaultConfigurationIsVisible = 0;
			defaultConfigurationName = Release;
		};
/* End XCConfigurationList section */
	};
	rootObject = 83CBB9F71A601CBA00E9B192 /* Project object */;
}
